
Microsoft Visual Studio Solution File, Format Version 12.00
# Visual Studio 14
VisualStudioVersion = 14.0.24720.0
MinimumVisualStudioVersion = 10.0.40219.1
Project("{FAE04EC0-301F-11D3-BF4B-00C04F79EFBC}") = "JryVideo", "JryVideo\JryVideo.csproj", "{B58150EA-B988-4B97-BE29-77FF0ED7493C}"
EndProject
Project("{FAE04EC0-301F-11D3-BF4B-00C04F79EFBC}") = "JryVideo.Model", "JryVideo.Model\JryVideo.Model.csproj", "{40F1A88E-047C-47A4-9F9A-4CA7F83BFFD6}"
EndProject
Project("{FAE04EC0-301F-11D3-BF4B-00C04F79EFBC}") = "Jasily.Core", "Jasily\Jasily.Core\Jasily.Core.csproj", "{8442E8E7-D515-4481-8A36-71711B1FBF79}"
EndProject
Project("{FAE04EC0-301F-11D3-BF4B-00C04F79EFBC}") = "Jasily.Core.Desktop", "Jasily\Jasily.Core.Desktop\Jasily.Core.Desktop.csproj", "{E90943E3-39C3-4649-9FE7-17096CBCD95E}"
EndProject
Project("{FAE04EC0-301F-11D3-BF4B-00C04F79EFBC}") = "JryVideo.Core", "JryVideo.Core\JryVideo.Core.csproj", "{330D6358-910A-4C5D-8251-E7CF4F456491}"
EndProject
Project("{FAE04EC0-301F-11D3-BF4B-00C04F79EFBC}") = "JryVideo.Data.MongoDb", "JryVideo.Data.MongoDb\JryVideo.Data.MongoDb.csproj", "{6491FB75-C11F-45B3-AFE1-45CD05E6B382}"
EndProject
Project("{FAE04EC0-301F-11D3-BF4B-00C04F79EFBC}") = "JryVideo.Data", "JryVideo.Data\JryVideo.Data.csproj", "{5705A29D-D8FE-4243-90AD-D43B83BC809D}"
EndProject
Project("{FAE04EC0-301F-11D3-BF4B-00C04F79EFBC}") = "Jasily", "Jasily\Jasily\Jasily.csproj", "{6ADB6547-070B-4518-A2D1-E3BC349730BC}"
EndProject
Project("{FAE04EC0-301F-11D3-BF4B-00C04F79EFBC}") = "Jasily.Desktop", "Jasily\Jasily.Desktop\Jasily.Desktop.csproj", "{613D8F93-1CC9-4C5D-A67A-290175FC4878}"
EndProject
Project("{FAE04EC0-301F-11D3-BF4B-00C04F79EFBC}") = "Jasily.Core.Linq", "Jasily\Jasily.Core.Linq\Jasily.Core.Linq.csproj", "{801800EA-FE7C-40AD-838D-F2A887DE03DE}"
EndProject
Project("{FAE04EC0-301F-11D3-BF4B-00C04F79EFBC}") = "Jasily.EverythingSDK", "EverythingSDK\Jasily.EverythingSDK\Jasily.EverythingSDK\Jasily.EverythingSDK.csproj", "{54757096-EB16-40D7-9EB7-833293D2DAF7}"
EndProject
Project("{FAE04EC0-301F-11D3-BF4B-00C04F79EFBC}") = "Jasily.SDK.Douban", "Jasily.SDK.Douban\Jasily.SDK.Douban\Jasily.SDK.Douban\Jasily.SDK.Douban.csproj", "{933CFBAA-C105-4C1F-92C9-11FCC5CB157E}"
EndProject
Project("{FAE04EC0-301F-11D3-BF4B-00C04F79EFBC}") = "Jasily.Desktop.Management", "Jasily\Jasily.Desktop.Management\Jasily.Desktop.Management.csproj", "{C5D6273D-92F7-4797-8B5F-A812E203F779}"
EndProject
Project("{FAE04EC0-301F-11D3-BF4B-00C04F79EFBC}") = "Jasily.Chinese", "Jasily.Chinese\Jasily.Chinese\Jasily.Chinese\Jasily.Chinese.csproj", "{F40E24EF-84F5-49F9-98CD-B911A5196AB9}"
EndProject
Project("{FAE04EC0-301F-11D3-BF4B-00C04F79EFBC}") = "JryVideo.Data.SQLite", "JryVideo.Data.SQLite\JryVideo.Data.SQLite.csproj", "{39999388-C2EC-4ED5-BB91-81C5B3F925A4}"
EndProject
Global
	GlobalSection(SolutionConfigurationPlatforms) = preSolution
		Debug|Any CPU = Debug|Any CPU
		Release|Any CPU = Release|Any CPU
	EndGlobalSection
	GlobalSection(ProjectConfigurationPlatforms) = postSolution
		{B58150EA-B988-4B97-BE29-77FF0ED7493C}.Debug|Any CPU.ActiveCfg = Debug|Any CPU
		{B58150EA-B988-4B97-BE29-77FF0ED7493C}.Debug|Any CPU.Build.0 = Debug|Any CPU
		{B58150EA-B988-4B97-BE29-77FF0ED7493C}.Release|Any CPU.ActiveCfg = Release|Any CPU
		{B58150EA-B988-4B97-BE29-77FF0ED7493C}.Release|Any CPU.Build.0 = Release|Any CPU
		{40F1A88E-047C-47A4-9F9A-4CA7F83BFFD6}.Debug|Any CPU.ActiveCfg = Debug|Any CPU
		{40F1A88E-047C-47A4-9F9A-4CA7F83BFFD6}.Debug|Any CPU.Build.0 = Debug|Any CPU
		{40F1A88E-047C-47A4-9F9A-4CA7F83BFFD6}.Release|Any CPU.ActiveCfg = Release|Any CPU
		{40F1A88E-047C-47A4-9F9A-4CA7F83BFFD6}.Release|Any CPU.Build.0 = Release|Any CPU
		{8442E8E7-D515-4481-8A36-71711B1FBF79}.Debug|Any CPU.ActiveCfg = Debug|Any CPU
		{8442E8E7-D515-4481-8A36-71711B1FBF79}.Debug|Any CPU.Build.0 = Debug|Any CPU
		{8442E8E7-D515-4481-8A36-71711B1FBF79}.Release|Any CPU.ActiveCfg = Release|Any CPU
		{8442E8E7-D515-4481-8A36-71711B1FBF79}.Release|Any CPU.Build.0 = Release|Any CPU
		{E90943E3-39C3-4649-9FE7-17096CBCD95E}.Debug|Any CPU.ActiveCfg = Debug|Any CPU
		{E90943E3-39C3-4649-9FE7-17096CBCD95E}.Debug|Any CPU.Build.0 = Debug|Any CPU
		{E90943E3-39C3-4649-9FE7-17096CBCD95E}.Release|Any CPU.ActiveCfg = Release|Any CPU
		{E90943E3-39C3-4649-9FE7-17096CBCD95E}.Release|Any CPU.Build.0 = Release|Any CPU
		{330D6358-910A-4C5D-8251-E7CF4F456491}.Debug|Any CPU.ActiveCfg = Debug|Any CPU
		{330D6358-910A-4C5D-8251-E7CF4F456491}.Debug|Any CPU.Build.0 = Debug|Any CPU
		{330D6358-910A-4C5D-8251-E7CF4F456491}.Release|Any CPU.ActiveCfg = Release|Any CPU
		{330D6358-910A-4C5D-8251-E7CF4F456491}.Release|Any CPU.Build.0 = Release|Any CPU
		{6491FB75-C11F-45B3-AFE1-45CD05E6B382}.Debug|Any CPU.ActiveCfg = Debug|Any CPU
		{6491FB75-C11F-45B3-AFE1-45CD05E6B382}.Debug|Any CPU.Build.0 = Debug|Any CPU
		{6491FB75-C11F-45B3-AFE1-45CD05E6B382}.Release|Any CPU.ActiveCfg = Release|Any CPU
		{6491FB75-C11F-45B3-AFE1-45CD05E6B382}.Release|Any CPU.Build.0 = Release|Any CPU
		{5705A29D-D8FE-4243-90AD-D43B83BC809D}.Debug|Any CPU.ActiveCfg = Debug|Any CPU
		{5705A29D-D8FE-4243-90AD-D43B83BC809D}.Debug|Any CPU.Build.0 = Debug|Any CPU
		{5705A29D-D8FE-4243-90AD-D43B83BC809D}.Release|Any CPU.ActiveCfg = Release|Any CPU
		{5705A29D-D8FE-4243-90AD-D43B83BC809D}.Release|Any CPU.Build.0 = Release|Any CPU
		{6ADB6547-070B-4518-A2D1-E3BC349730BC}.Debug|Any CPU.ActiveCfg = Debug|Any CPU
		{6ADB6547-070B-4518-A2D1-E3BC349730BC}.Debug|Any CPU.Build.0 = Debug|Any CPU
		{6ADB6547-070B-4518-A2D1-E3BC349730BC}.Release|Any CPU.ActiveCfg = Release|Any CPU
		{6ADB6547-070B-4518-A2D1-E3BC349730BC}.Release|Any CPU.Build.0 = Release|Any CPU
		{613D8F93-1CC9-4C5D-A67A-290175FC4878}.Debug|Any CPU.ActiveCfg = Debug|Any CPU
		{613D8F93-1CC9-4C5D-A67A-290175FC4878}.Debug|Any CPU.Build.0 = Debug|Any CPU
		{613D8F93-1CC9-4C5D-A67A-290175FC4878}.Release|Any CPU.ActiveCfg = Release|Any CPU
		{613D8F93-1CC9-4C5D-A67A-290175FC4878}.Release|Any CPU.Build.0 = Release|Any CPU
		{801800EA-FE7C-40AD-838D-F2A887DE03DE}.Debug|Any CPU.ActiveCfg = Debug|Any CPU
		{801800EA-FE7C-40AD-838D-F2A887DE03DE}.Debug|Any CPU.Build.0 = Debug|Any CPU
		{801800EA-FE7C-40AD-838D-F2A887DE03DE}.Release|Any CPU.ActiveCfg = Release|Any CPU
		{801800EA-FE7C-40AD-838D-F2A887DE03DE}.Release|Any CPU.Build.0 = Release|Any CPU
		{54757096-EB16-40D7-9EB7-833293D2DAF7}.Debug|Any CPU.ActiveCfg = Debug|Any CPU
		{54757096-EB16-40D7-9EB7-833293D2DAF7}.Debug|Any CPU.Build.0 = Debug|Any CPU
		{54757096-EB16-40D7-9EB7-833293D2DAF7}.Release|Any CPU.ActiveCfg = Release|Any CPU
		{54757096-EB16-40D7-9EB7-833293D2DAF7}.Release|Any CPU.Build.0 = Release|Any CPU
		{933CFBAA-C105-4C1F-92C9-11FCC5CB157E}.Debug|Any CPU.ActiveCfg = Debug|Any CPU
		{933CFBAA-C105-4C1F-92C9-11FCC5CB157E}.Debug|Any CPU.Build.0 = Debug|Any CPU
		{933CFBAA-C105-4C1F-92C9-11FCC5CB157E}.Release|Any CPU.ActiveCfg = Release|Any CPU
		{933CFBAA-C105-4C1F-92C9-11FCC5CB157E}.Release|Any CPU.Build.0 = Release|Any CPU
		{C5D6273D-92F7-4797-8B5F-A812E203F779}.Debug|Any CPU.ActiveCfg = Debug|Any CPU
		{C5D6273D-92F7-4797-8B5F-A812E203F779}.Debug|Any CPU.Build.0 = Debug|Any CPU
		{C5D6273D-92F7-4797-8B5F-A812E203F779}.Release|Any CPU.ActiveCfg = Release|Any CPU
		{C5D6273D-92F7-4797-8B5F-A812E203F779}.Release|Any CPU.Build.0 = Release|Any CPU
		{F40E24EF-84F5-49F9-98CD-B911A5196AB9}.Debug|Any CPU.ActiveCfg = Debug|Any CPU
		{F40E24EF-84F5-49F9-98CD-B911A5196AB9}.Debug|Any CPU.Build.0 = Debug|Any CPU
		{F40E24EF-84F5-49F9-98CD-B911A5196AB9}.Release|Any CPU.ActiveCfg = Release|Any CPU
		{F40E24EF-84F5-49F9-98CD-B911A5196AB9}.Release|Any CPU.Build.0 = Release|Any CPU
		{39999388-C2EC-4ED5-BB91-81C5B3F925A4}.Debug|Any CPU.ActiveCfg = Debug|Any CPU
		{39999388-C2EC-4ED5-BB91-81C5B3F925A4}.Debug|Any CPU.Build.0 = Debug|Any CPU
		{39999388-C2EC-4ED5-BB91-81C5B3F925A4}.Release|Any CPU.ActiveCfg = Release|Any CPU
		{39999388-C2EC-4ED5-BB91-81C5B3F925A4}.Release|Any CPU.Build.0 = Release|Any CPU
	EndGlobalSection
	GlobalSection(SolutionProperties) = preSolution
		HideSolutionNode = FALSE
	EndGlobalSection
EndGlobal
